// !$*UTF8*$!
{
	archiveVersion = 1;
	classes = {
	};
	objectVersion = 50;
	objects = {

/* Begin PBXBuildFile section */
		C330D0FF22D118AF00C88079 /* AppDelegate.swift in Sources */ = {isa = PBXBuildFile; fileRef = C330D0FE22D118AF00C88079 /* AppDelegate.swift */; };
		C330D10122D118AF00C88079 /* DashboardViewController.swift in Sources */ = {isa = PBXBuildFile; fileRef = C330D10022D118AF00C88079 /* DashboardViewController.swift */; };
		C330D10422D118AF00C88079 /* Main.storyboard in Resources */ = {isa = PBXBuildFile; fileRef = C330D10222D118AF00C88079 /* Main.storyboard */; };
		C330D10722D118AF00C88079 /* Budgit.xcdatamodeld in Sources */ = {isa = PBXBuildFile; fileRef = C330D10522D118AF00C88079 /* Budgit.xcdatamodeld */; };
		C330D10922D118B100C88079 /* Assets.xcassets in Resources */ = {isa = PBXBuildFile; fileRef = C330D10822D118B100C88079 /* Assets.xcassets */; };
		C330D10C22D118B100C88079 /* LaunchScreen.storyboard in Resources */ = {isa = PBXBuildFile; fileRef = C330D10A22D118B100C88079 /* LaunchScreen.storyboard */; };
		C330D11722D118B100C88079 /* BudgitTests.swift in Sources */ = {isa = PBXBuildFile; fileRef = C330D11622D118B100C88079 /* BudgitTests.swift */; };
		C330D12222D118B100C88079 /* BudgitUITests.swift in Sources */ = {isa = PBXBuildFile; fileRef = C330D12122D118B100C88079 /* BudgitUITests.swift */; };
		E3608E7422D1914C007DA9D2 /* Budget.swift in Sources */ = {isa = PBXBuildFile; fileRef = E3608E7322D1914C007DA9D2 /* Budget.swift */; };
		E3608E7622D1915A007DA9D2 /* Expense.swift in Sources */ = {isa = PBXBuildFile; fileRef = E3608E7522D1915A007DA9D2 /* Expense.swift */; };
		E3608E7822D1923E007DA9D2 /* RecurringFrequency.swift in Sources */ = {isa = PBXBuildFile; fileRef = E3608E7722D1923E007DA9D2 /* RecurringFrequency.swift */; };
/* End PBXBuildFile section */

/* Begin PBXContainerItemProxy section */
		C330D11322D118B100C88079 /* PBXContainerItemProxy */ = {
			isa = PBXContainerItemProxy;
			containerPortal = C330D0F322D118AE00C88079 /* Project object */;
			proxyType = 1;
			remoteGlobalIDString = C330D0FA22D118AF00C88079;
			remoteInfo = Budgit;
		};
		C330D11E22D118B100C88079 /* PBXContainerItemProxy */ = {
			isa = PBXContainerItemProxy;
			containerPortal = C330D0F322D118AE00C88079 /* Project object */;
			proxyType = 1;
			remoteGlobalIDString = C330D0FA22D118AF00C88079;
			remoteInfo = Budgit;
		};
/* End PBXContainerItemProxy section */

/* Begin PBXFileReference section */
		C330D0FB22D118AF00C88079 /* Budgit.app */ = {isa = PBXFileReference; explicitFileType = wrapper.application; includeInIndex = 0; path = Budgit.app; sourceTree = BUILT_PRODUCTS_DIR; };
		C330D0FE22D118AF00C88079 /* AppDelegate.swift */ = {isa = PBXFileReference; lastKnownFileType = sourcecode.swift; path = AppDelegate.swift; sourceTree = "<group>"; };
		C330D10022D118AF00C88079 /* DashboardViewController.swift */ = {isa = PBXFileReference; lastKnownFileType = sourcecode.swift; path = DashboardViewController.swift; sourceTree = "<group>"; };
		C330D10322D118AF00C88079 /* Base */ = {isa = PBXFileReference; lastKnownFileType = file.storyboard; name = Base; path = Base.lproj/Main.storyboard; sourceTree = "<group>"; };
		C330D10622D118AF00C88079 /* Budgit.xcdatamodel */ = {isa = PBXFileReference; lastKnownFileType = wrapper.xcdatamodel; path = Budgit.xcdatamodel; sourceTree = "<group>"; };
		C330D10822D118B100C88079 /* Assets.xcassets */ = {isa = PBXFileReference; lastKnownFileType = folder.assetcatalog; path = Assets.xcassets; sourceTree = "<group>"; };
		C330D10B22D118B100C88079 /* Base */ = {isa = PBXFileReference; lastKnownFileType = file.storyboard; name = Base; path = Base.lproj/LaunchScreen.storyboard; sourceTree = "<group>"; };
		C330D10D22D118B100C88079 /* Info.plist */ = {isa = PBXFileReference; lastKnownFileType = text.plist.xml; path = Info.plist; sourceTree = "<group>"; };
		C330D11222D118B100C88079 /* BudgitTests.xctest */ = {isa = PBXFileReference; explicitFileType = wrapper.cfbundle; includeInIndex = 0; path = BudgitTests.xctest; sourceTree = BUILT_PRODUCTS_DIR; };
		C330D11622D118B100C88079 /* BudgitTests.swift */ = {isa = PBXFileReference; lastKnownFileType = sourcecode.swift; path = BudgitTests.swift; sourceTree = "<group>"; };
		C330D11822D118B100C88079 /* Info.plist */ = {isa = PBXFileReference; lastKnownFileType = text.plist.xml; path = Info.plist; sourceTree = "<group>"; };
		C330D11D22D118B100C88079 /* BudgitUITests.xctest */ = {isa = PBXFileReference; explicitFileType = wrapper.cfbundle; includeInIndex = 0; path = BudgitUITests.xctest; sourceTree = BUILT_PRODUCTS_DIR; };
		C330D12122D118B100C88079 /* BudgitUITests.swift */ = {isa = PBXFileReference; lastKnownFileType = sourcecode.swift; path = BudgitUITests.swift; sourceTree = "<group>"; };
		C330D12322D118B100C88079 /* Info.plist */ = {isa = PBXFileReference; lastKnownFileType = text.plist.xml; path = Info.plist; sourceTree = "<group>"; };
		E3608E7322D1914C007DA9D2 /* Budget.swift */ = {isa = PBXFileReference; lastKnownFileType = sourcecode.swift; path = Budget.swift; sourceTree = "<group>"; };
		E3608E7522D1915A007DA9D2 /* Expense.swift */ = {isa = PBXFileReference; lastKnownFileType = sourcecode.swift; path = Expense.swift; sourceTree = "<group>"; };
		E3608E7722D1923E007DA9D2 /* RecurringFrequency.swift */ = {isa = PBXFileReference; lastKnownFileType = sourcecode.swift; path = RecurringFrequency.swift; sourceTree = "<group>"; };
/* End PBXFileReference section */

/* Begin PBXFrameworksBuildPhase section */
		C330D0F822D118AF00C88079 /* Frameworks */ = {
			isa = PBXFrameworksBuildPhase;
			buildActionMask = 2147483647;
			files = (
			);
			runOnlyForDeploymentPostprocessing = 0;
		};
		C330D10F22D118B100C88079 /* Frameworks */ = {
			isa = PBXFrameworksBuildPhase;
			buildActionMask = 2147483647;
			files = (
			);
			runOnlyForDeploymentPostprocessing = 0;
		};
		C330D11A22D118B100C88079 /* Frameworks */ = {
			isa = PBXFrameworksBuildPhase;
			buildActionMask = 2147483647;
			files = (
			);
			runOnlyForDeploymentPostprocessing = 0;
		};
/* End PBXFrameworksBuildPhase section */

/* Begin PBXGroup section */
		C330D0F222D118AE00C88079 = {
			isa = PBXGroup;
			children = (
				C330D0FD22D118AF00C88079 /* Budgit */,
				C330D11522D118B100C88079 /* BudgitTests */,
				C330D12022D118B100C88079 /* BudgitUITests */,
				C330D0FC22D118AF00C88079 /* Products */,
			);
			sourceTree = "<group>";
		};
		C330D0FC22D118AF00C88079 /* Products */ = {
			isa = PBXGroup;
			children = (
				C330D0FB22D118AF00C88079 /* Budgit.app */,
				C330D11222D118B100C88079 /* BudgitTests.xctest */,
				C330D11D22D118B100C88079 /* BudgitUITests.xctest */,
			);
			name = Products;
			sourceTree = "<group>";
		};
		C330D0FD22D118AF00C88079 /* Budgit */ = {
			isa = PBXGroup;
			children = (
				C330D12F22D1196300C88079 /* App */,
				C330D13222D1199000C88079 /* Controllers */,
				C330D13022D1196900C88079 /* Models */,
				C330D13322D1199600C88079 /* Resources */,
				C330D13422D1199C00C88079 /* Storyboards */,
				C330D13122D1198700C88079 /* Views */,
			);
			path = Budgit;
			sourceTree = "<group>";
		};
		C330D11522D118B100C88079 /* BudgitTests */ = {
			isa = PBXGroup;
			children = (
				C330D11622D118B100C88079 /* BudgitTests.swift */,
				C330D11822D118B100C88079 /* Info.plist */,
			);
			path = BudgitTests;
			sourceTree = "<group>";
		};
		C330D12022D118B100C88079 /* BudgitUITests */ = {
			isa = PBXGroup;
			children = (
				C330D12122D118B100C88079 /* BudgitUITests.swift */,
				C330D12322D118B100C88079 /* Info.plist */,
			);
			path = BudgitUITests;
			sourceTree = "<group>";
		};
		C330D12F22D1196300C88079 /* App */ = {
			isa = PBXGroup;
			children = (
				C330D0FE22D118AF00C88079 /* AppDelegate.swift */,
				C330D10A22D118B100C88079 /* LaunchScreen.storyboard */,
				C330D10D22D118B100C88079 /* Info.plist */,
				C330D10522D118AF00C88079 /* Budgit.xcdatamodeld */,
			);
			path = App;
			sourceTree = "<group>";
		};
		C330D13022D1196900C88079 /* Models */ = {
			isa = PBXGroup;
			children = (
				E3608E7322D1914C007DA9D2 /* Budget.swift */,
				E3608E7522D1915A007DA9D2 /* Expense.swift */,
				E3608E7722D1923E007DA9D2 /* RecurringFrequency.swift */,
			);
			path = Models;
			sourceTree = "<group>";
		};
		C330D13122D1198700C88079 /* Views */ = {
			isa = PBXGroup;
			children = (
			);
			path = Views;
			sourceTree = "<group>";
		};
		C330D13222D1199000C88079 /* Controllers */ = {
			isa = PBXGroup;
			children = (
				C330D10022D118AF00C88079 /* DashboardViewController.swift */,
			);
			path = Controllers;
			sourceTree = "<group>";
		};
		C330D13322D1199600C88079 /* Resources */ = {
			isa = PBXGroup;
			children = (
				C330D10822D118B100C88079 /* Assets.xcassets */,
			);
			path = Resources;
			sourceTree = "<group>";
		};
		C330D13422D1199C00C88079 /* Storyboards */ = {
			isa = PBXGroup;
			children = (
				C330D10222D118AF00C88079 /* Main.storyboard */,
			);
			path = Storyboards;
			sourceTree = "<group>";
		};
/* End PBXGroup section */

/* Begin PBXNativeTarget section */
		C330D0FA22D118AF00C88079 /* Budgit */ = {
			isa = PBXNativeTarget;
			buildConfigurationList = C330D12622D118B100C88079 /* Build configuration list for PBXNativeTarget "Budgit" */;
			buildPhases = (
				C330D0F722D118AF00C88079 /* Sources */,
				C330D0F822D118AF00C88079 /* Frameworks */,
				C330D0F922D118AF00C88079 /* Resources */,
			);
			buildRules = (
			);
			dependencies = (
			);
			name = Budgit;
			productName = Budgit;
			productReference = C330D0FB22D118AF00C88079 /* Budgit.app */;
			productType = "com.apple.product-type.application";
		};
		C330D11122D118B100C88079 /* BudgitTests */ = {
			isa = PBXNativeTarget;
			buildConfigurationList = C330D12922D118B100C88079 /* Build configuration list for PBXNativeTarget "BudgitTests" */;
			buildPhases = (
				C330D10E22D118B100C88079 /* Sources */,
				C330D10F22D118B100C88079 /* Frameworks */,
				C330D11022D118B100C88079 /* Resources */,
			);
			buildRules = (
			);
			dependencies = (
				C330D11422D118B100C88079 /* PBXTargetDependency */,
			);
			name = BudgitTests;
			productName = BudgitTests;
			productReference = C330D11222D118B100C88079 /* BudgitTests.xctest */;
			productType = "com.apple.product-type.bundle.unit-test";
		};
		C330D11C22D118B100C88079 /* BudgitUITests */ = {
			isa = PBXNativeTarget;
			buildConfigurationList = C330D12C22D118B100C88079 /* Build configuration list for PBXNativeTarget "BudgitUITests" */;
			buildPhases = (
				C330D11922D118B100C88079 /* Sources */,
				C330D11A22D118B100C88079 /* Frameworks */,
				C330D11B22D118B100C88079 /* Resources */,
			);
			buildRules = (
			);
			dependencies = (
				C330D11F22D118B100C88079 /* PBXTargetDependency */,
			);
			name = BudgitUITests;
			productName = BudgitUITests;
			productReference = C330D11D22D118B100C88079 /* BudgitUITests.xctest */;
			productType = "com.apple.product-type.bundle.ui-testing";
		};
/* End PBXNativeTarget section */

/* Begin PBXProject section */
		C330D0F322D118AE00C88079 /* Project object */ = {
			isa = PBXProject;
			attributes = {
				LastSwiftUpdateCheck = 1020;
				LastUpgradeCheck = 1020;
				ORGANIZATIONNAME = "Carl Weis";
				TargetAttributes = {
					C330D0FA22D118AF00C88079 = {
						CreatedOnToolsVersion = 10.2.1;
					};
					C330D11122D118B100C88079 = {
						CreatedOnToolsVersion = 10.2.1;
						TestTargetID = C330D0FA22D118AF00C88079;
					};
					C330D11C22D118B100C88079 = {
						CreatedOnToolsVersion = 10.2.1;
						TestTargetID = C330D0FA22D118AF00C88079;
					};
				};
			};
			buildConfigurationList = C330D0F622D118AE00C88079 /* Build configuration list for PBXProject "Budgit" */;
			compatibilityVersion = "Xcode 9.3";
			developmentRegion = en;
			hasScannedForEncodings = 0;
			knownRegions = (
				en,
				Base,
			);
			mainGroup = C330D0F222D118AE00C88079;
			productRefGroup = C330D0FC22D118AF00C88079 /* Products */;
			projectDirPath = "";
			projectRoot = "";
			targets = (
				C330D0FA22D118AF00C88079 /* Budgit */,
				C330D11122D118B100C88079 /* BudgitTests */,
				C330D11C22D118B100C88079 /* BudgitUITests */,
			);
		};
/* End PBXProject section */

/* Begin PBXResourcesBuildPhase section */
		C330D0F922D118AF00C88079 /* Resources */ = {
			isa = PBXResourcesBuildPhase;
			buildActionMask = 2147483647;
			files = (
				C330D10C22D118B100C88079 /* LaunchScreen.storyboard in Resources */,
				C330D10922D118B100C88079 /* Assets.xcassets in Resources */,
				C330D10422D118AF00C88079 /* Main.storyboard in Resources */,
			);
			runOnlyForDeploymentPostprocessing = 0;
		};
		C330D11022D118B100C88079 /* Resources */ = {
			isa = PBXResourcesBuildPhase;
			buildActionMask = 2147483647;
			files = (
			);
			runOnlyForDeploymentPostprocessing = 0;
		};
		C330D11B22D118B100C88079 /* Resources */ = {
			isa = PBXResourcesBuildPhase;
			buildActionMask = 2147483647;
			files = (
			);
			runOnlyForDeploymentPostprocessing = 0;
		};
/* End PBXResourcesBuildPhase section */

/* Begin PBXSourcesBuildPhase section */
		C330D0F722D118AF00C88079 /* Sources */ = {
			isa = PBXSourcesBuildPhase;
			buildActionMask = 2147483647;
			files = (
				E3608E7822D1923E007DA9D2 /* RecurringFrequency.swift in Sources */,
				C330D10122D118AF00C88079 /* DashboardViewController.swift in Sources */,
				C330D10722D118AF00C88079 /* Budgit.xcdatamodeld in Sources */,
				E3608E7422D1914C007DA9D2 /* Budget.swift in Sources */,
				C330D0FF22D118AF00C88079 /* AppDelegate.swift in Sources */,
				E3608E7622D1915A007DA9D2 /* Expense.swift in Sources */,
			);
			runOnlyForDeploymentPostprocessing = 0;
		};
		C330D10E22D118B100C88079 /* Sources */ = {
			isa = PBXSourcesBuildPhase;
			buildActionMask = 2147483647;
			files = (
				C330D11722D118B100C88079 /* BudgitTests.swift in Sources */,
			);
			runOnlyForDeploymentPostprocessing = 0;
		};
		C330D11922D118B100C88079 /* Sources */ = {
			isa = PBXSourcesBuildPhase;
			buildActionMask = 2147483647;
			files = (
				C330D12222D118B100C88079 /* BudgitUITests.swift in Sources */,
			);
			runOnlyForDeploymentPostprocessing = 0;
		};
/* End PBXSourcesBuildPhase section */

/* Begin PBXTargetDependency section */
		C330D11422D118B100C88079 /* PBXTargetDependency */ = {
			isa = PBXTargetDependency;
			target = C330D0FA22D118AF00C88079 /* Budgit */;
			targetProxy = C330D11322D118B100C88079 /* PBXContainerItemProxy */;
		};
		C330D11F22D118B100C88079 /* PBXTargetDependency */ = {
			isa = PBXTargetDependency;
			target = C330D0FA22D118AF00C88079 /* Budgit */;
			targetProxy = C330D11E22D118B100C88079 /* PBXContainerItemProxy */;
		};
/* End PBXTargetDependency section */

/* Begin PBXVariantGroup section */
		C330D10222D118AF00C88079 /* Main.storyboard */ = {
			isa = PBXVariantGroup;
			children = (
				C330D10322D118AF00C88079 /* Base */,
			);
			name = Main.storyboard;
			sourceTree = "<group>";
		};
		C330D10A22D118B100C88079 /* LaunchScreen.storyboard */ = {
			isa = PBXVariantGroup;
			children = (
				C330D10B22D118B100C88079 /* Base */,
			);
			name = LaunchScreen.storyboard;
			sourceTree = "<group>";
		};
/* End PBXVariantGroup section */

/* Begin XCBuildConfiguration section */
		C330D12422D118B100C88079 /* Debug */ = {
			isa = XCBuildConfiguration;
			buildSettings = {
				ALWAYS_SEARCH_USER_PATHS = NO;
				CLANG_ANALYZER_NONNULL = YES;
				CLANG_ANALYZER_NUMBER_OBJECT_CONVERSION = YES_AGGRESSIVE;
				CLANG_CXX_LANGUAGE_STANDARD = "gnu++14";
				CLANG_CXX_LIBRARY = "libc++";
				CLANG_ENABLE_MODULES = YES;
				CLANG_ENABLE_OBJC_ARC = YES;
				CLANG_ENABLE_OBJC_WEAK = YES;
				CLANG_WARN_BLOCK_CAPTURE_AUTORELEASING = YES;
				CLANG_WARN_BOOL_CONVERSION = YES;
				CLANG_WARN_COMMA = YES;
				CLANG_WARN_CONSTANT_CONVERSION = YES;
				CLANG_WARN_DEPRECATED_OBJC_IMPLEMENTATIONS = YES;
				CLANG_WARN_DIRECT_OBJC_ISA_USAGE = YES_ERROR;
				CLANG_WARN_DOCUMENTATION_COMMENTS = YES;
				CLANG_WARN_EMPTY_BODY = YES;
				CLANG_WARN_ENUM_CONVERSION = YES;
				CLANG_WARN_INFINITE_RECURSION = YES;
				CLANG_WARN_INT_CONVERSION = YES;
				CLANG_WARN_NON_LITERAL_NULL_CONVERSION = YES;
				CLANG_WARN_OBJC_IMPLICIT_RETAIN_SELF = YES;
				CLANG_WARN_OBJC_LITERAL_CONVERSION = YES;
				CLANG_WARN_OBJC_ROOT_CLASS = YES_ERROR;
				CLANG_WARN_RANGE_LOOP_ANALYSIS = YES;
				CLANG_WARN_STRICT_PROTOTYPES = YES;
				CLANG_WARN_SUSPICIOUS_MOVE = YES;
				CLANG_WARN_UNGUARDED_AVAILABILITY = YES_AGGRESSIVE;
				CLANG_WARN_UNREACHABLE_CODE = YES;
				CLANG_WARN__DUPLICATE_METHOD_MATCH = YES;
				CODE_SIGN_IDENTITY = "iPhone Developer";
				COPY_PHASE_STRIP = NO;
				DEBUG_INFORMATION_FORMAT = dwarf;
				ENABLE_STRICT_OBJC_MSGSEND = YES;
				ENABLE_TESTABILITY = YES;
				GCC_C_LANGUAGE_STANDARD = gnu11;
				GCC_DYNAMIC_NO_PIC = NO;
				GCC_NO_COMMON_BLOCKS = YES;
				GCC_OPTIMIZATION_LEVEL = 0;
				GCC_PREPROCESSOR_DEFINITIONS = (
					"DEBUG=1",
					"$(inherited)",
				);
				GCC_WARN_64_TO_32_BIT_CONVERSION = YES;
				GCC_WARN_ABOUT_RETURN_TYPE = YES_ERROR;
				GCC_WARN_UNDECLARED_SELECTOR = YES;
				GCC_WARN_UNINITIALIZED_AUTOS = YES_AGGRESSIVE;
				GCC_WARN_UNUSED_FUNCTION = YES;
				GCC_WARN_UNUSED_VARIABLE = YES;
				IPHONEOS_DEPLOYMENT_TARGET = 12.2;
				MTL_ENABLE_DEBUG_INFO = INCLUDE_SOURCE;
				MTL_FAST_MATH = YES;
				ONLY_ACTIVE_ARCH = YES;
				SDKROOT = iphoneos;
				SWIFT_ACTIVE_COMPILATION_CONDITIONS = DEBUG;
				SWIFT_OPTIMIZATION_LEVEL = "-Onone";
				SWIFT_VERSION = 4.2;
			};
			name = Debug;
		};
		C330D12522D118B100C88079 /* Release */ = {
			isa = XCBuildConfiguration;
			buildSettings = {
				ALWAYS_SEARCH_USER_PATHS = NO;
				CLANG_ANALYZER_NONNULL = YES;
				CLANG_ANALYZER_NUMBER_OBJECT_CONVERSION = YES_AGGRESSIVE;
				CLANG_CXX_LANGUAGE_STANDARD = "gnu++14";
				CLANG_CXX_LIBRARY = "libc++";
				CLANG_ENABLE_MODULES = YES;
				CLANG_ENABLE_OBJC_ARC = YES;
				CLANG_ENABLE_OBJC_WEAK = YES;
				CLANG_WARN_BLOCK_CAPTURE_AUTORELEASING = YES;
				CLANG_WARN_BOOL_CONVERSION = YES;
				CLANG_WARN_COMMA = YES;
				CLANG_WARN_CONSTANT_CONVERSION = YES;
				CLANG_WARN_DEPRECATED_OBJC_IMPLEMENTATIONS = YES;
				CLANG_WARN_DIRECT_OBJC_ISA_USAGE = YES_ERROR;
				CLANG_WARN_DOCUMENTATION_COMMENTS = YES;
				CLANG_WARN_EMPTY_BODY = YES;
				CLANG_WARN_ENUM_CONVERSION = YES;
				CLANG_WARN_INFINITE_RECURSION = YES;
				CLANG_WARN_INT_CONVERSION = YES;
				CLANG_WARN_NON_LITERAL_NULL_CONVERSION = YES;
				CLANG_WARN_OBJC_IMPLICIT_RETAIN_SELF = YES;
				CLANG_WARN_OBJC_LITERAL_CONVERSION = YES;
				CLANG_WARN_OBJC_ROOT_CLASS = YES_ERROR;
				CLANG_WARN_RANGE_LOOP_ANALYSIS = YES;
				CLANG_WARN_STRICT_PROTOTYPES = YES;
				CLANG_WARN_SUSPICIOUS_MOVE = YES;
				CLANG_WARN_UNGUARDED_AVAILABILITY = YES_AGGRESSIVE;
				CLANG_WARN_UNREACHABLE_CODE = YES;
				CLANG_WARN__DUPLICATE_METHOD_MATCH = YES;
				CODE_SIGN_IDENTITY = "iPhone Developer";
				COPY_PHASE_STRIP = NO;
				DEBUG_INFORMATION_FORMAT = "dwarf-with-dsym";
				ENABLE_NS_ASSERTIONS = NO;
				ENABLE_STRICT_OBJC_MSGSEND = YES;
				GCC_C_LANGUAGE_STANDARD = gnu11;
				GCC_NO_COMMON_BLOCKS = YES;
				GCC_WARN_64_TO_32_BIT_CONVERSION = YES;
				GCC_WARN_ABOUT_RETURN_TYPE = YES_ERROR;
				GCC_WARN_UNDECLARED_SELECTOR = YES;
				GCC_WARN_UNINITIALIZED_AUTOS = YES_AGGRESSIVE;
				GCC_WARN_UNUSED_FUNCTION = YES;
				GCC_WARN_UNUSED_VARIABLE = YES;
				IPHONEOS_DEPLOYMENT_TARGET = 12.2;
				MTL_ENABLE_DEBUG_INFO = NO;
				MTL_FAST_MATH = YES;
				SDKROOT = iphoneos;
				SWIFT_COMPILATION_MODE = wholemodule;
				SWIFT_OPTIMIZATION_LEVEL = "-O";
				SWIFT_VERSION = 4.2;
				VALIDATE_PRODUCT = YES;
			};
			name = Release;
		};
		C330D12722D118B100C88079 /* Debug */ = {
			isa = XCBuildConfiguration;
			buildSettings = {
				ASSETCATALOG_COMPILER_APPICON_NAME = AppIcon;
				CODE_SIGN_STYLE = Automatic;
				DEVELOPMENT_TEAM = S52HKPC4TS;
				INFOPLIST_FILE = Budgit/App/Info.plist;
				IPHONEOS_DEPLOYMENT_TARGET = 12.1;
				LD_RUNPATH_SEARCH_PATHS = (
					"$(inherited)",
					"@executable_path/Frameworks",
				);
				PRODUCT_BUNDLE_IDENTIFIER = com.carlweis.Budgit;
				PRODUCT_NAME = "$(TARGET_NAME)";
				SWIFT_VERSION = 4.2;
				TARGETED_DEVICE_FAMILY = "1,2";
			};
			name = Debug;
		};
		C330D12822D118B100C88079 /* Release */ = {
			isa = XCBuildConfiguration;
			buildSettings = {
				ASSETCATALOG_COMPILER_APPICON_NAME = AppIcon;
				CODE_SIGN_STYLE = Automatic;
				DEVELOPMENT_TEAM = S52HKPC4TS;
				INFOPLIST_FILE = Budgit/App/Info.plist;
				IPHONEOS_DEPLOYMENT_TARGET = 12.1;
				LD_RUNPATH_SEARCH_PATHS = (
					"$(inherited)",
					"@executable_path/Frameworks",
				);
				PRODUCT_BUNDLE_IDENTIFIER = com.carlweis.Budgit;
				PRODUCT_NAME = "$(TARGET_NAME)";
				SWIFT_VERSION = 4.2;
				TARGETED_DEVICE_FAMILY = "1,2";
			};
			name = Release;
		};
		C330D12A22D118B100C88079 /* Debug */ = {
			isa = XCBuildConfiguration;
			buildSettings = {
				ALWAYS_EMBED_SWIFT_STANDARD_LIBRARIES = YES;
				BUNDLE_LOADER = "$(TEST_HOST)";
				CODE_SIGN_STYLE = Automatic;
				DEVELOPMENT_TEAM = S52HKPC4TS;
				INFOPLIST_FILE = BudgitTests/Info.plist;
				IPHONEOS_DEPLOYMENT_TARGET = 12.1;
				LD_RUNPATH_SEARCH_PATHS = (
					"$(inherited)",
					"@executable_path/Frameworks",
					"@loader_path/Frameworks",
				);
				PRODUCT_BUNDLE_IDENTIFIER = com.carlweis.BudgitTests;
				PRODUCT_NAME = "$(TARGET_NAME)";
				SWIFT_VERSION = 4.2;
				TARGETED_DEVICE_FAMILY = "1,2";
				TEST_HOST = "$(BUILT_PRODUCTS_DIR)/Budgit.app/Budgit";
			};
			name = Debug;
		};
		C330D12B22D118B100C88079 /* Release */ = {
			isa = XCBuildConfiguration;
			buildSettings = {
				ALWAYS_EMBED_SWIFT_STANDARD_LIBRARIES = YES;
				BUNDLE_LOADER = "$(TEST_HOST)";
				CODE_SIGN_STYLE = Automatic;
				DEVELOPMENT_TEAM = S52HKPC4TS;
				INFOPLIST_FILE = BudgitTests/Info.plist;
				IPHONEOS_DEPLOYMENT_TARGET = 12.1;
				LD_RUNPATH_SEARCH_PATHS = (
					"$(inherited)",
					"@executable_path/Frameworks",
					"@loader_path/Frameworks",
				);
				PRODUCT_BUNDLE_IDENTIFIER = com.carlweis.BudgitTests;
				PRODUCT_NAME = "$(TARGET_NAME)";
				SWIFT_VERSION = 4.2;
				TARGETED_DEVICE_FAMILY = "1,2";
				TEST_HOST = "$(BUILT_PRODUCTS_DIR)/Budgit.app/Budgit";
			};
			name = Release;
		};
		C330D12D22D118B100C88079 /* Debug */ = {
			isa = XCBuildConfiguration;
			buildSettings = {
				ALWAYS_EMBED_SWIFT_STANDARD_LIBRARIES = YES;
				CODE_SIGN_STYLE = Automatic;
				DEVELOPMENT_TEAM = S52HKPC4TS;
				INFOPLIST_FILE = BudgitUITests/Info.plist;
				IPHONEOS_DEPLOYMENT_TARGET = 12.1;
				LD_RUNPATH_SEARCH_PATHS = (
					"$(inherited)",
					"@executable_path/Frameworks",
					"@loader_path/Frameworks",
				);
				PRODUCT_BUNDLE_IDENTIFIER = com.carlweis.BudgitUITests;
				PRODUCT_NAME = "$(TARGET_NAME)";
				SWIFT_VERSION = 4.2;
				TARGETED_DEVICE_FAMILY = "1,2";
				TEST_TARGET_NAME = Budgit;
			};
			name = Debug;
		};
		C330D12E22D118B100C88079 /* Release */ = {
			isa = XCBuildConfiguration;
			buildSettings = {
				ALWAYS_EMBED_SWIFT_STANDARD_LIBRARIES = YES;
				CODE_SIGN_STYLE = Automatic;
				DEVELOPMENT_TEAM = S52HKPC4TS;
				INFOPLIST_FILE = BudgitUITests/Info.plist;
				IPHONEOS_DEPLOYMENT_TARGET = 12.1;
				LD_RUNPATH_SEARCH_PATHS = (
					"$(inherited)",
					"@executable_path/Frameworks",
					"@loader_path/Frameworks",
				);
				PRODUCT_BUNDLE_IDENTIFIER = com.carlweis.BudgitUITests;
				PRODUCT_NAME = "$(TARGET_NAME)";
				SWIFT_VERSION = 4.2;
				TARGETED_DEVICE_FAMILY = "1,2";
				TEST_TARGET_NAME = Budgit;
			};
			name = Release;
		};
/* End XCBuildConfiguration section */

/* Begin XCConfigurationList section */
		C330D0F622D118AE00C88079 /* Build configuration list for PBXProject "Budgit" */ = {
			isa = XCConfigurationList;
			buildConfigurations = (
				C330D12422D118B100C88079 /* Debug */,
				C330D12522D118B100C88079 /* Release */,
			);
			defaultConfigurationIsVisible = 0;
			defaultConfigurationName = Release;
		};
		C330D12622D118B100C88079 /* Build configuration list for PBXNativeTarget "Budgit" */ = {
			isa = XCConfigurationList;
			buildConfigurations = (
				C330D12722D118B100C88079 /* Debug */,
				C330D12822D118B100C88079 /* Release */,
			);
			defaultConfigurationIsVisible = 0;
			defaultConfigurationName = Release;
		};
		C330D12922D118B100C88079 /* Build configuration list for PBXNativeTarget "BudgitTests" */ = {
			isa = XCConfigurationList;
			buildConfigurations = (
				C330D12A22D118B100C88079 /* Debug */,
				C330D12B22D118B100C88079 /* Release */,
			);
			defaultConfigurationIsVisible = 0;
			defaultConfigurationName = Release;
		};
		C330D12C22D118B100C88079 /* Build configuration list for PBXNativeTarget "BudgitUITests" */ = {
			isa = XCConfigurationList;
			buildConfigurations = (
				C330D12D22D118B100C88079 /* Debug */,
				C330D12E22D118B100C88079 /* Release */,
			);
			defaultConfigurationIsVisible = 0;
			defaultConfigurationName = Release;
		};
/* End XCConfigurationList section */

/* Begin XCVersionGroup section */
		C330D10522D118AF00C88079 /* Budgit.xcdatamodeld */ = {
			isa = XCVersionGroup;
			children = (
				C330D10622D118AF00C88079 /* Budgit.xcdatamodel */,
			);
			currentVersion = C330D10622D118AF00C88079 /* Budgit.xcdatamodel */;
			path = Budgit.xcdatamodeld;
			sourceTree = "<group>";
			versionGroupType = wrapper.xcdatamodel;
		};
/* End XCVersionGroup section */
	};
	rootObject = C330D0F322D118AE00C88079 /* Project object */;
}
